
Microsoft Visual Studio Solution File, Format Version 12.00
# Visual Studio 15
VisualStudioVersion = 15.0.28307.168
MinimumVisualStudioVersion = 10.0.40219.1
Project("{FAE04EC0-301F-11D3-BF4B-00C04F79EFBC}") = "CodingChallenge.SPA", "CodingChallenge.SPA\CodingChallenge.SPA.csproj", "{A8AF8B7D-883F-409A-8F36-6526769DE5B7}"
EndProject
Project("{FAE04EC0-301F-11D3-BF4B-00C04F79EFBC}") = "CodingChallenge.WebApi", "CodingChallenge.WebApi\CodingChallenge.WebApi.csproj", "{F480E889-9AED-4CE6-890F-2808FEC9E604}"
EndProject
Global
	GlobalSection(SolutionConfigurationPlatforms) = preSolution
		Debug|Any CPU = Debug|Any CPU
		Release|Any CPU = Release|Any CPU
	EndGlobalSection
	GlobalSection(ProjectConfigurationPlatforms) = postSolution
		{A8AF8B7D-883F-409A-8F36-6526769DE5B7}.Debug|Any CPU.ActiveCfg = Debug|Any CPU
		{A8AF8B7D-883F-409A-8F36-6526769DE5B7}.Debug|Any CPU.Build.0 = Debug|Any CPU
		{A8AF8B7D-883F-409A-8F36-6526769DE5B7}.Release|Any CPU.ActiveCfg = Release|Any CPU
		{A8AF8B7D-883F-409A-8F36-6526769DE5B7}.Release|Any CPU.Build.0 = Release|Any CPU
		{F480E889-9AED-4CE6-890F-2808FEC9E604}.Debug|Any CPU.ActiveCfg = Debug|Any CPU
		{F480E889-9AED-4CE6-890F-2808FEC9E604}.Debug|Any CPU.Build.0 = Debug|Any CPU
		{F480E889-9AED-4CE6-890F-2808FEC9E604}.Release|Any CPU.ActiveCfg = Release|Any CPU
		{F480E889-9AED-4CE6-890F-2808FEC9E604}.Release|Any CPU.Build.0 = Release|Any CPU
	EndGlobalSection
	GlobalSection(SolutionProperties) = preSolution
		HideSolutionNode = FALSE
	EndGlobalSection
	GlobalSection(ExtensibilityGlobals) = postSolution
		SolutionGuid = {CAD0CD6C-AF2D-48C0-B56F-808B5C3EDD3F}
	EndGlobalSection
EndGlobal
